{
  "name": "blink-tax",
  "version": "1.0.0",
  "lockfileVersion": 3,
  "requires": true,
  "packages": {
    "": {
      "name": "blink-tax",
      "version": "1.0.0",
      "devDependencies": {
        "typescript": "latest",
        "vite": "latest"
      }
    },
    "node_modules/@oxc-project/types": {
      "version": "0.148.0",
      "resolved": "https://registry.npmjs.org/@oxc-project/types/-/types-0.148.0.tgz",
      "integrity": "sha512-Nm4s/jB+4FpFsPhWGEC4h7rzksesmtnMXomo6rCMcg/b8zLQuOziRgkCS1fxDCXOlJB/6Q8oABOZ/OP6RIPj9A==",
      "dev": true,
      "funding": {"url": "https://github.com/sponsors/oxc-project"}
    },
    "node_modules/@rolldown/binding-android-arm-eabi": {"version":"1.2.7","resolved":"https://registry.npmjs.org/@rolldown/binding-android-arm-eabi/-/binding-android-arm-eabi-1.2.7.tgz","integrity":"sha512-EypzgnYJwyV4NDHKzGmNJT5b+XaQEBniHxsMdeIQLB/tcCzZnhqrzHpZFbX9iaxx+5RiB8caATBtfvZP7zVxQ==","cpu":["arm"],"dev":true,"optional":true,"os":["android"],"engines":{"node":"^20.19.0 || >=22.12.0"}},
    "node_modules/@rolldown/binding-android-arm64": {"version":"1.2.7","resolved":"https://registry.npmjs.org/@rolldown/binding-android-arm64/-/binding-android-arm64-1.2.7.tgz","integrity":"sha512-l17HE9EweWaqJZhuUuNBN/FzM62xw+DECVnJyvMsxn8vJFAG5QfLDoYAcronkAN8VxKZHezDpulHDPx95vFw==","cpu":["arm64"],"dev":true,"optional":true,"os":["android"],"engines":{"node":"^20.19.0 || >=22.12.0"}},
    "node_modules/@rolldown/binding-darwin-arm64": {"version":"1.2.7","resolved":"https://registry.npmjs.org/@rolldown/binding-darwin-arm64/-/binding-darwin-arm64-1.2.7.tgz","integrity":"sha512-8ED871e5cW6cOCETIn4gXObPiaR6bckM/ipXtbzlPVDRMBfEGjCKgO90F9YtfdpDatVx/ZQw7aZ1vUMf/+T3Mw==","cpu":["arm64"],"dev":true,"optional":true,"os":["darwin"],"engines":{"node":"^20.19.0 || >=22.12.0"}},
    "node_modules/@rolldown/binding-darwin-x64": {"version":"1.2.7","resolved":"https://registry.npmjs.org/@rolldown/binding-darwin-x64/-/binding-darwin-x64-1.2.7.tgz","integrity":"sha512-/W+sjpTiAIZ2tWY7ddijORT0Ujg87wxWW/qcoFVCKAWVDPhtY0xr7Dj0M3GyNGz60jGwTElhro/mkF9dT7dDQ==","cpu":["x64"],"dev":true,"optional":true,"os":["darwin"],"engines":{"node":"^20.19.0 || >=22.12.0"}},
    "node_modules/@rolldown/binding-freebsd-x64": {"version":"1.2.7","resolved":"https://registry.npmjs.org/@rolldown/binding-freebsd-x64/-/binding-freebsd-x64-1.2.7.tgz","integrity":"sha512-14DI4NcqpvbICxSnGLx3PmtDaWqRP/KGSGb6C+JLLVPeZRl6dKdHba3pGsqT3vpdTqhEYIPG0MMQ8c0xYqoJxA==","cpu":["x64"],"dev":true,"optional":true,"os":["freebsd"],"engines":{"node":"^20.19.0 || >=22.12.0"}},
    "node_modules/@rolldown/binding-linux-arm-gnueabihf": {"version":"1.2.7","resolved":"https://registry.npmjs.org/@rolldown/binding-linux-arm-gnueabihf/-/binding-linux-arm-gnueabihf-1.2.7.tgz","integrity":"sha512-bxrWIRvHWQvbJwi+VIie/kDJmQxcNE6xxWwZdqF/ExVAigtHkv54WTLQPb+QsZdnFy18fg7JPfWGL0RH6vwIlQ==","cpu":["arm"],"dev":true,"optional":true,"os":["linux"],"engines":{"node":"^20.19.0 || >=22.12.0"}},
    "node_modules/@rolldown/binding-linux-arm64-gnu": {"version":"1.2.7","resolved":"https://registry.npmjs.org/@rolldown/binding-linux-arm64-gnu/-/binding-linux-arm64-gnu-1.2.7.tgz","integrity":"sha512-toOY2BChBZyuxUuNBN/FzM62xw+DECVnJyvMsxn8vJFAG5QfLDoYAcronkAN8VxKZHezDpulHDPx95vFw==","cpu":["arm64"],"dev":true,"optional":true,"os":["linux"],"engines":{"node":"^20.19.0 || >=22.12.0"}},
    "node_modules/@rolldown/pluginutils": {"version":"1.0.1","resolved":"https://registry.npmjs.org/@rolldown/pluginutils/-/pluginutils-1.0.1.tgz","integrity":"sha512-2j9bGt5Jh8hj+vPtgzPtl72j0yRxHAyumoo6TNfAjsLB04UtpSvPbPcDcBMxz7n+9CYB0c1GxQFxYRg2jimqGw==","dev":true},
    "node_modules/typescript": {"version":"7.0.2","resolved":"https://registry.npmjs.org/typescript/-/typescript-7.0.2.tgz","integrity":"sha512-8FYau96o3NKOhbjKi/qNvG/W5jhzxkbdm5sj9AbZ/5T5sWqn3hJgLfGx27sRKZWTvyzCP8dLRBTf5tBTSRVUNA==","dev":true,"bin":{"tsc":"bin/tsc"},"engines":{"node":">=16.20.0"},"optionalDependencies":{"@typescript/typescript-linux-x64":"7.0.2"}},
    "node_modules/vite": {"version":"8.2.2","resolved":"https://registry.npmjs.org/vite/-/vite-8.2.2.tgz","integrity":"sha512-cFKLV/PRgAUlIRm5WjMjJ86jrftzpqcgH+Us+DS8mI3CDNiH30Whrz8uHL3+MOLPAgqbMBAqWdAHAphOAM+z/Q==","dev":true,"dependencies":{"lightningcss":"^1.33.0","picomatch":"^4.0.5","postcss":"^8.5.26","rolldown":"~1.2.4","tinyglobby":"^0.2.17"},"bin":{"vite":"bin/vite.js"},"engines":{"node":"^20.19.0 || >=22.12.0"},"optionalDependencies":{"fsevents":"~2.3.3"}},
    "node_modules/lightningcss": {"version":"1.33.0","resolved":"https://registry.npmjs.org/lightningcss/-/lightningcss-1.33.0.tgz","integrity":"sha512-WkUDrojuJs0xkgGf2udWxa3yGBRxPtxUkB79i6aCZLRgc7PM8fZe9TosfPDcvEpQZbuFASnHYmRLBLUbmLOIIA==","dev":true,"dependencies":{"detect-libc":"^2.0.3"},"engines":{"node":">= 12.0.0"},"optionalDependencies":{"lightningcss-linux-x64-gnu":"1.33.0"}},
    "node_modules/detect-libc": {"version":"2.1.2","resolved":"https://registry.npmjs.org/detect-libc/-/detect-libc-2.1.2.tgz","integrity":"sha512-Btj2BOOO83o3WyH59e8MgXsxEQVcarkUOpEYrubB0urwnN10nZlqWYZm05i/of7io4mzihBtQ==","dev":true,"engines":{"node":">=8"}},
    "node_modules/fdir": {"version":"6.5.0","resolved":"https://registry.npmjs.org/fdir/-/fdir-6.5.0.tgz","integrity":"sha512-tIbYtZbucOs0BRGqPJkshJUYdL+SDH7dVM8gjy+ERp3WAUjLEFJE+02kanyHtwjWOnwrKYBiwAmM0p4kLJAnXg==","dev":true,"engines":{"node":">=12.0.0"}},
    "node_modules/picomatch": {"version":"4.0.7","resolved":"https://registry.npmjs.org/picomatch/-/picomatch-4.0.7.tgz","integrity":"sha512-qcJu88Q2IWqJsDD529JKMdwGm/dvInW4HvQnQnQyQ8kVmLnJ2kJu7yhcGA==","dev":true,"engines":{"node":">=12"}},
    "node_modules/postcss": {"version":"8.5.28","resolved":"https://registry.npmjs.org/postcss/-/postcss-8.5.28.tgz","integrity":"sha512-RRuzqDtt5Y9h3quz5hWhK+TPnsmVs6WwSU6LkJMeY4HstUEDuYTG8UJSdawMRzmzAtV+KEoG8N3Qg2qLy5vM/A==","dev":true,"dependencies":{"nanoid":"^3.3.18","picocolors":"^1.1.1","source-map-js":"^1.2.1"}},
    "node_modules/nanoid": {"version":"3.3.18","resolved":"https://registry.npmjs.org/nanoid/-/nanoid-3.3.18.tgz","integrity":"sha512-DTg4MJbGMWkfi6VZFdNt2/caMbQy4Ou+Op/hJQvGEWcnVfoA1QA+xzRKAzw9jD6+GVOOeYr/mIcuDSdug6F6+w==","dev":true},
    "node_modules/picocolors": {"version":"1.1.1","resolved":"https://registry.npmjs.org/picocolors/-/picocolors-1.1.1.tgz","integrity":"sha512-xceH2snhtb5M9liqDsmEw56le376mTZkEX/jEb/RxNFyegNul7eNslCXP9FDj/Lcu0X8KEyMceP2ntpaHrDEVA==","dev":true},
    "node_modules/rolldown": {"version":"1.2.7","resolved":"https://registry.npmjs.org/rolldown/-/rolldown-1.2.7.tgz","integrity":"sha512-g0EtLvBjTUB7jhyV0S/TCup3v/XSVl45vUIGbOGU4QPiyjTenCe4mKuFvW9fEgYmS2Fo42AUssRmNuMziXdrig==","dev":true,"dependencies":{"@oxc-project/types":"=0.148.0","@rolldown/pluginutils":"^1.0.0"},"optionalDependencies":{"@rolldown/binding-linux-x64-gnu":"1.2.7"}},
    "node_modules/source-map-js": {"version":"1.2.1","resolved":"https://registry.npmjs.org/source-map-js/-/source-map-js-1.2.1.tgz","integrity":"sha512-UXWMKhLOwVKb728IUtQPXxfYU+usdybtUrK/8uGE8CQMvrhOpwvzDBwj0QhSL7MQc7vIsISBG8VQ8+IDQxpfQA==","dev":true},
    "node_modules/tinyglobby": {"version":"0.2.17","resolved":"https://registry.npmjs.org/tinyglobby/-/tinyglobby-0.2.17.tgz","integrity":"sha512-wXR/dYpcqKmfWpEdZjiKJOwCNFndD0DMnrW/cYjVGttEkBfVgcLFHoNrlj47mjOVic9yyNu65alsgF4NQyTa2g==","dev":true,"dependencies":{"fdir":"^6.5.0","picomatch":"^4.0.4"}},
    "node_modules/@typescript/typescript-linux-x64": {"version":"7.0.2","resolved":"https://registry.npmjs.org/@typescript/typescript-linux-x64/-/typescript-linux-x64-7.0.2.tgz","integrity":"sha512-EYdf2cNg7rgCWJnxCdJ+F3V39O8ihb37eHAu1LK8oAFizgTQbPOK7zHHXbPt8rX24COqODXeI3sIf0fCXG7H/A==","cpu":["x64"],"dev":true,"optional":true,"os":["linux"],"engines":{"node":">=16.20.0"}},
    "node_modules/@rolldown/binding-linux-x64-gnu": {"version":"1.2.7","resolved":"https://registry.npmjs.org/@rolldown/binding-linux-x64-gnu/-/binding-linux-x64-gnu-1.2.7.tgz","integrity":"sha512-r8/z8n7GFaYRln3xmP1Cxy0HH/HLM0uBUPkEuSVEfKGDA89M0FsZRZJRSwe/tJjRx+fpH/gjorfhB8tmEbSFLA==","cpu":["x64"],"dev":true,"optional":true,"os":["linux"],"engines":{"node":"^20.19.0 || >=22.12.0"}},
    "node_modules/lightningcss-linux-x64-gnu": {"version":"1.33.0","resolved":"https://registry.npmjs.org/lightningcss-linux-x64-gnu/-/lightningcss-linux-x64-gnu-1.33.0.tgz","integrity":"sha512-ar+Ju7LmcN0Jo4FpL4hpFybwNG9/3A/Br5KW2n2jyODg3MEZXaDYADdemoNS+BDNfMgKvylJLj4S5tyRActuAg==","cpu":["x64"],"dev":true,"optional":true,"os":["linux"],"engines":{"node":">= 12.0.0"}}
  }
}